// !$*UTF8*$!
{
	archiveVersion = 1;
	classes = {
	};
	objectVersion = 48;
	objects = {

/* Begin PBXBuildFile section */
		AD2B8CB220593CC1009E7C7C /* DataModel.m in Sources */ = {isa = PBXBuildFile; fileRef = AD2B8CB120593CC1009E7C7C /* DataModel.m */; };
		AD2B8CB520593E9E009E7C7C /* JSONParseController.m in Sources */ = {isa = PBXBuildFile; fileRef = AD2B8CB420593E9E009E7C7C /* JSONParseController.m */; };
		AD7AE64820546B0A005A7BF9 /* AppDelegate.m in Sources */ = {isa = PBXBuildFile; fileRef = AD7AE64720546B0A005A7BF9 /* AppDelegate.m */; };
		AD7AE64B20546B0A005A7BF9 /* ViewController.m in Sources */ = {isa = PBXBuildFile; fileRef = AD7AE64A20546B0A005A7BF9 /* ViewController.m */; };
		AD7AE65020546B0A005A7BF9 /* Assets.xcassets in Resources */ = {isa = PBXBuildFile; fileRef = AD7AE64F20546B0A005A7BF9 /* Assets.xcassets */; };
		AD7AE65620546B0A005A7BF9 /* main.m in Sources */ = {isa = PBXBuildFile; fileRef = AD7AE65520546B0A005A7BF9 /* main.m */; };
		AD7AE66020546B0B005A7BF9 /* ListViewAppTests.m in Sources */ = {isa = PBXBuildFile; fileRef = AD7AE65F20546B0B005A7BF9 /* ListViewAppTests.m */; };
/* End PBXBuildFile section */

/* Begin PBXContainerItemProxy section */
		AD7AE65C20546B0B005A7BF9 /* PBXContainerItemProxy */ = {
			isa = PBXContainerItemProxy;
			containerPortal = AD7AE63B20546B0A005A7BF9 /* Project object */;
			proxyType = 1;
			remoteGlobalIDString = AD7AE64220546B0A005A7BF9;
			remoteInfo = ListViewApp;
		};
/* End PBXContainerItemProxy section */

/* Begin PBXFileReference section */
		AD2B8CB020593CC1009E7C7C /* DataModel.h */ = {isa = PBXFileReference; lastKnownFileType = sourcecode.c.h; path = DataModel.h; sourceTree = "<group>"; };
		AD2B8CB120593CC1009E7C7C /* DataModel.m */ = {isa = PBXFileReference; lastKnownFileType = sourcecode.c.objc; path = DataModel.m; sourceTree = "<group>"; };
		AD2B8CB320593E9E009E7C7C /* JSONParseController.h */ = {isa = PBXFileReference; lastKnownFileType = sourcecode.c.h; path = JSONParseController.h; sourceTree = "<group>"; };
		AD2B8CB420593E9E009E7C7C /* JSONParseController.m */ = {isa = PBXFileReference; lastKnownFileType = sourcecode.c.objc; path = JSONParseController.m; sourceTree = "<group>"; };
		AD7AE64320546B0A005A7BF9 /* ListViewApp.app */ = {isa = PBXFileReference; explicitFileType = wrapper.application; includeInIndex = 0; path = ListViewApp.app; sourceTree = BUILT_PRODUCTS_DIR; };
		AD7AE64620546B0A005A7BF9 /* AppDelegate.h */ = {isa = PBXFileReference; lastKnownFileType = sourcecode.c.h; path = AppDelegate.h; sourceTree = "<group>"; };
		AD7AE64720546B0A005A7BF9 /* AppDelegate.m */ = {isa = PBXFileReference; lastKnownFileType = sourcecode.c.objc; path = AppDelegate.m; sourceTree = "<group>"; };
		AD7AE64920546B0A005A7BF9 /* ViewController.h */ = {isa = PBXFileReference; lastKnownFileType = sourcecode.c.h; path = ViewController.h; sourceTree = "<group>"; };
		AD7AE64A20546B0A005A7BF9 /* ViewController.m */ = {isa = PBXFileReference; lastKnownFileType = sourcecode.c.objc; path = ViewController.m; sourceTree = "<group>"; };
		AD7AE64F20546B0A005A7BF9 /* Assets.xcassets */ = {isa = PBXFileReference; lastKnownFileType = folder.assetcatalog; path = Assets.xcassets; sourceTree = "<group>"; };
		AD7AE65420546B0A005A7BF9 /* Info.plist */ = {isa = PBXFileReference; lastKnownFileType = text.plist.xml; path = Info.plist; sourceTree = "<group>"; };
		AD7AE65520546B0A005A7BF9 /* main.m */ = {isa = PBXFileReference; lastKnownFileType = sourcecode.c.objc; path = main.m; sourceTree = "<group>"; };
		AD7AE65B20546B0B005A7BF9 /* ListViewAppTests.xctest */ = {isa = PBXFileReference; explicitFileType = wrapper.cfbundle; includeInIndex = 0; path = ListViewAppTests.xctest; sourceTree = BUILT_PRODUCTS_DIR; };
		AD7AE65F20546B0B005A7BF9 /* ListViewAppTests.m */ = {isa = PBXFileReference; lastKnownFileType = sourcecode.c.objc; path = ListViewAppTests.m; sourceTree = "<group>"; };
		AD7AE66120546B0B005A7BF9 /* Info.plist */ = {isa = PBXFileReference; lastKnownFileType = text.plist.xml; path = Info.plist; sourceTree = "<group>"; };
/* End PBXFileReference section */

/* Begin PBXFrameworksBuildPhase section */
		AD7AE64020546B0A005A7BF9 /* Frameworks */ = {
			isa = PBXFrameworksBuildPhase;
			buildActionMask = 2147483647;
			files = (
			);
			runOnlyForDeploymentPostprocessing = 0;
		};
		AD7AE65820546B0B005A7BF9 /* Frameworks */ = {
			isa = PBXFrameworksBuildPhase;
			buildActionMask = 2147483647;
			files = (
			);
			runOnlyForDeploymentPostprocessing = 0;
		};
/* End PBXFrameworksBuildPhase section */

/* Begin PBXGroup section */
		AD7AE63A20546B0A005A7BF9 = {
			isa = PBXGroup;
			children = (
				AD7AE64520546B0A005A7BF9 /* ListViewApp */,
				AD7AE65E20546B0B005A7BF9 /* ListViewAppTests */,
				AD7AE64420546B0A005A7BF9 /* Products */,
			);
			sourceTree = "<group>";
		};
		AD7AE64420546B0A005A7BF9 /* Products */ = {
			isa = PBXGroup;
			children = (
				AD7AE64320546B0A005A7BF9 /* ListViewApp.app */,
				AD7AE65B20546B0B005A7BF9 /* ListViewAppTests.xctest */,
			);
			name = Products;
			sourceTree = "<group>";
		};
		AD7AE64520546B0A005A7BF9 /* ListViewApp */ = {
			isa = PBXGroup;
			children = (
				AD7AE64620546B0A005A7BF9 /* AppDelegate.h */,
				AD7AE64720546B0A005A7BF9 /* AppDelegate.m */,
				AD2B8CB020593CC1009E7C7C /* DataModel.h */,
				AD2B8CB120593CC1009E7C7C /* DataModel.m */,
				AD7AE64920546B0A005A7BF9 /* ViewController.h */,
				AD7AE64A20546B0A005A7BF9 /* ViewController.m */,
				AD2B8CB320593E9E009E7C7C /* JSONParseController.h */,
				AD2B8CB420593E9E009E7C7C /* JSONParseController.m */,
				AD7AE64F20546B0A005A7BF9 /* Assets.xcassets */,
				AD7AE65420546B0A005A7BF9 /* Info.plist */,
				AD7AE65520546B0A005A7BF9 /* main.m */,
			);
			path = ListViewApp;
			sourceTree = "<group>";
		};
		AD7AE65E20546B0B005A7BF9 /* ListViewAppTests */ = {
			isa = PBXGroup;
			children = (
				AD7AE65F20546B0B005A7BF9 /* ListViewAppTests.m */,
				AD7AE66120546B0B005A7BF9 /* Info.plist */,
			);
			path = ListViewAppTests;
			sourceTree = "<group>";
		};
/* End PBXGroup section */

/* Begin PBXNativeTarget section */
		AD7AE64220546B0A005A7BF9 /* ListViewApp */ = {
			isa = PBXNativeTarget;
			buildConfigurationList = AD7AE66420546B0B005A7BF9 /* Build configuration list for PBXNativeTarget "ListViewApp" */;
			buildPhases = (
				AD7AE63F20546B0A005A7BF9 /* Sources */,
				AD7AE64020546B0A005A7BF9 /* Frameworks */,
				AD7AE64120546B0A005A7BF9 /* Resources */,
			);
			buildRules = (
			);
			dependencies = (
			);
			name = ListViewApp;
			productName = ListViewApp;
			productReference = AD7AE64320546B0A005A7BF9 /* ListViewApp.app */;
			productType = "com.apple.product-type.application";
		};
		AD7AE65A20546B0B005A7BF9 /* ListViewAppTests */ = {
			isa = PBXNativeTarget;
			buildConfigurationList = AD7AE66720546B0B005A7BF9 /* Build configuration list for PBXNativeTarget "ListViewAppTests" */;
			buildPhases = (
				AD7AE65720546B0B005A7BF9 /* Sources */,
				AD7AE65820546B0B005A7BF9 /* Frameworks */,
				AD7AE65920546B0B005A7BF9 /* Resources */,
			);
			buildRules = (
			);
			dependencies = (
				AD7AE65D20546B0B005A7BF9 /* PBXTargetDependency */,
			);
			name = ListViewAppTests;
			productName = ListViewAppTests;
			productReference = AD7AE65B20546B0B005A7BF9 /* ListViewAppTests.xctest */;
			productType = "com.apple.product-type.bundle.unit-test";
		};
/* End PBXNativeTarget section */

/* Begin PBXProject section */
		AD7AE63B20546B0A005A7BF9 /* Project object */ = {
			isa = PBXProject;
			attributes = {
				LastUpgradeCheck = 0920;
				ORGANIZATIONNAME = Reetesh;
				TargetAttributes = {
					AD7AE64220546B0A005A7BF9 = {
						CreatedOnToolsVersion = 9.2;
						ProvisioningStyle = Automatic;
					};
					AD7AE65A20546B0B005A7BF9 = {
						CreatedOnToolsVersion = 9.2;
						ProvisioningStyle = Automatic;
						TestTargetID = AD7AE64220546B0A005A7BF9;
					};
				};
			};
			buildConfigurationList = AD7AE63E20546B0A005A7BF9 /* Build configuration list for PBXProject "ListViewApp" */;
			compatibilityVersion = "Xcode 8.0";
			developmentRegion = en;
			hasScannedForEncodings = 0;
			knownRegions = (
				en,
				Base,
			);
			mainGroup = AD7AE63A20546B0A005A7BF9;
			productRefGroup = AD7AE64420546B0A005A7BF9 /* Products */;
			projectDirPath = "";
			projectRoot = "";
			targets = (
				AD7AE64220546B0A005A7BF9 /* ListViewApp */,
				AD7AE65A20546B0B005A7BF9 /* ListViewAppTests */,
			);
		};
/* End PBXProject section */

/* Begin PBXResourcesBuildPhase section */
		AD7AE64120546B0A005A7BF9 /* Resources */ = {
			isa = PBXResourcesBuildPhase;
			buildActionMask = 2147483647;
			files = (
				AD7AE65020546B0A005A7BF9 /* Assets.xcassets in Resources */,
			);
			runOnlyForDeploymentPostprocessing = 0;
		};
		AD7AE65920546B0B005A7BF9 /* Resources */ = {
			isa = PBXResourcesBuildPhase;
			buildActionMask = 2147483647;
			files = (
			);
			runOnlyForDeploymentPostprocessing = 0;
		};
/* End PBXResourcesBuildPhase section */

/* Begin PBXSourcesBuildPhase section */
		AD7AE63F20546B0A005A7BF9 /* Sources */ = {
			isa = PBXSourcesBuildPhase;
			buildActionMask = 2147483647;
			files = (
				AD2B8CB520593E9E009E7C7C /* JSONParseController.m in Sources */,
				AD7AE64B20546B0A005A7BF9 /* ViewController.m in Sources */,
				AD2B8CB220593CC1009E7C7C /* DataModel.m in Sources */,
				AD7AE65620546B0A005A7BF9 /* main.m in Sources */,
				AD7AE64820546B0A005A7BF9 /* AppDelegate.m in Sources */,
			);
			runOnlyForDeploymentPostprocessing = 0;
		};
		AD7AE65720546B0B005A7BF9 /* Sources */ = {
			isa = PBXSourcesBuildPhase;
			buildActionMask = 2147483647;
			files = (
				AD7AE66020546B0B005A7BF9 /* ListViewAppTests.m in Sources */,
			);
			runOnlyForDeploymentPostprocessing = 0;
		};
/* End PBXSourcesBuildPhase section */

/* Begin PBXTargetDependency section */
		AD7AE65D20546B0B005A7BF9 /* PBXTargetDependency */ = {
			isa = PBXTargetDependency;
			target = AD7AE64220546B0A005A7BF9 /* ListViewApp */;
			targetProxy = AD7AE65C20546B0B005A7BF9 /* PBXContainerItemProxy */;
		};
/* End PBXTargetDependency section */

/* Begin XCBuildConfiguration section */
		AD7AE66220546B0B005A7BF9 /* Debug */ = {
			isa = XCBuildConfiguration;
			buildSettings = {
				ALWAYS_SEARCH_USER_PATHS = NO;
				CLANG_ANALYZER_NONNULL = YES;
				CLANG_ANALYZER_NUMBER_OBJECT_CONVERSION = YES_AGGRESSIVE;
				CLANG_CXX_LANGUAGE_STANDARD = "gnu++14";
				CLANG_CXX_LIBRARY = "libc++";
				CLANG_ENABLE_MODULES = YES;
				CLANG_ENABLE_OBJC_ARC = YES;
				CLANG_WARN_BLOCK_CAPTURE_AUTORELEASING = YES;
				CLANG_WARN_BOOL_CONVERSION = YES;
				CLANG_WARN_COMMA = YES;
				CLANG_WARN_CONSTANT_CONVERSION = YES;
				CLANG_WARN_DIRECT_OBJC_ISA_USAGE = YES_ERROR;
				CLANG_WARN_DOCUMENTATION_COMMENTS = YES;
				CLANG_WARN_EMPTY_BODY = YES;
				CLANG_WARN_ENUM_CONVERSION = YES;
				CLANG_WARN_INFINITE_RECURSION = YES;
				CLANG_WARN_INT_CONVERSION = YES;
				CLANG_WARN_NON_LITERAL_NULL_CONVERSION = YES;
				CLANG_WARN_OBJC_LITERAL_CONVERSION = YES;
				CLANG_WARN_OBJC_ROOT_CLASS = YES_ERROR;
				CLANG_WARN_RANGE_LOOP_ANALYSIS = YES;
				CLANG_WARN_STRICT_PROTOTYPES = YES;
				CLANG_WARN_SUSPICIOUS_MOVE = YES;
				CLANG_WARN_UNGUARDED_AVAILABILITY = YES_AGGRESSIVE;
				CLANG_WARN_UNREACHABLE_CODE = YES;
				CLANG_WARN__DUPLICATE_METHOD_MATCH = YES;
				CODE_SIGN_IDENTITY = "iPhone Developer";
				COPY_PHASE_STRIP = NO;
				DEBUG_INFORMATION_FORMAT = dwarf;
				ENABLE_STRICT_OBJC_MSGSEND = YES;
				ENABLE_TESTABILITY = YES;
				GCC_C_LANGUAGE_STANDARD = gnu11;
				GCC_DYNAMIC_NO_PIC = NO;
				GCC_NO_COMMON_BLOCKS = YES;
				GCC_OPTIMIZATION_LEVEL = 0;
				GCC_PREPROCESSOR_DEFINITIONS = (
					"DEBUG=1",
					"$(inherited)",
				);
				GCC_WARN_64_TO_32_BIT_CONVERSION = YES;
				GCC_WARN_ABOUT_RETURN_TYPE = YES_ERROR;
				GCC_WARN_UNDECLARED_SELECTOR = YES;
				GCC_WARN_UNINITIALIZED_AUTOS = YES_AGGRESSIVE;
				GCC_WARN_UNUSED_FUNCTION = YES;
				GCC_WARN_UNUSED_VARIABLE = YES;
				IPHONEOS_DEPLOYMENT_TARGET = 11.2;
				MTL_ENABLE_DEBUG_INFO = YES;
				ONLY_ACTIVE_ARCH = YES;
				SDKROOT = iphoneos;
			};
			name = Debug;
		};
		AD7AE66320546B0B005A7BF9 /* Release */ = {
			isa = XCBuildConfiguration;
			buildSettings = {
				ALWAYS_SEARCH_USER_PATHS = NO;
				CLANG_ANALYZER_NONNULL = YES;
				CLANG_ANALYZER_NUMBER_OBJECT_CONVERSION = YES_AGGRESSIVE;
				CLANG_CXX_LANGUAGE_STANDARD = "gnu++14";
				CLANG_CXX_LIBRARY = "libc++";
				CLANG_ENABLE_MODULES = YES;
				CLANG_ENABLE_OBJC_ARC = YES;
				CLANG_WARN_BLOCK_CAPTURE_AUTORELEASING = YES;
				CLANG_WARN_BOOL_CONVERSION = YES;
				CLANG_WARN_COMMA = YES;
				CLANG_WARN_CONSTANT_CONVERSION = YES;
				CLANG_WARN_DIRECT_OBJC_ISA_USAGE = YES_ERROR;
				CLANG_WARN_DOCUMENTATION_COMMENTS = YES;
				CLANG_WARN_EMPTY_BODY = YES;
				CLANG_WARN_ENUM_CONVERSION = YES;
				CLANG_WARN_INFINITE_RECURSION = YES;
				CLANG_WARN_INT_CONVERSION = YES;
				CLANG_WARN_NON_LITERAL_NULL_CONVERSION = YES;
				CLANG_WARN_OBJC_LITERAL_CONVERSION = YES;
				CLANG_WARN_OBJC_ROOT_CLASS = YES_ERROR;
				CLANG_WARN_RANGE_LOOP_ANALYSIS = YES;
				CLANG_WARN_STRICT_PROTOTYPES = YES;
				CLANG_WARN_SUSPICIOUS_MOVE = YES;
				CLANG_WARN_UNGUARDED_AVAILABILITY = YES_AGGRESSIVE;
				CLANG_WARN_UNREACHABLE_CODE = YES;
				CLANG_WARN__DUPLICATE_METHOD_MATCH = YES;
				CODE_SIGN_IDENTITY = "iPhone Developer";
				COPY_PHASE_STRIP = NO;
				DEBUG_INFORMATION_FORMAT = "dwarf-with-dsym";
				ENABLE_NS_ASSERTIONS = NO;
				ENABLE_STRICT_OBJC_MSGSEND = YES;
				GCC_C_LANGUAGE_STANDARD = gnu11;
				GCC_NO_COMMON_BLOCKS = YES;
				GCC_WARN_64_TO_32_BIT_CONVERSION = YES;
				GCC_WARN_ABOUT_RETURN_TYPE = YES_ERROR;
				GCC_WARN_UNDECLARED_SELECTOR = YES;
				GCC_WARN_UNINITIALIZED_AUTOS = YES_AGGRESSIVE;
				GCC_WARN_UNUSED_FUNCTION = YES;
				GCC_WARN_UNUSED_VARIABLE = YES;
				IPHONEOS_DEPLOYMENT_TARGET = 11.2;
				MTL_ENABLE_DEBUG_INFO = NO;
				SDKROOT = iphoneos;
				VALIDATE_PRODUCT = YES;
			};
			name = Release;
		};
		AD7AE66520546B0B005A7BF9 /* Debug */ = {
			isa = XCBuildConfiguration;
			buildSettings = {
				ASSETCATALOG_COMPILER_APPICON_NAME = AppIcon;
				CODE_SIGN_STYLE = Automatic;
				INFOPLIST_FILE = ListViewApp/Info.plist;
				IPHONEOS_DEPLOYMENT_TARGET = 8.0;
				LD_RUNPATH_SEARCH_PATHS = "$(inherited) @executable_path/Frameworks";
				PRODUCT_BUNDLE_IDENTIFIER = reetesh.ListViewApp;
				PRODUCT_NAME = "$(TARGET_NAME)";
				TARGETED_DEVICE_FAMILY = "1,2";
			};
			name = Debug;
		};
		AD7AE66620546B0B005A7BF9 /* Release */ = {
			isa = XCBuildConfiguration;
			buildSettings = {
				ASSETCATALOG_COMPILER_APPICON_NAME = AppIcon;
				CODE_SIGN_STYLE = Automatic;
				INFOPLIST_FILE = ListViewApp/Info.plist;
				IPHONEOS_DEPLOYMENT_TARGET = 8.0;
				LD_RUNPATH_SEARCH_PATHS = "$(inherited) @executable_path/Frameworks";
				PRODUCT_BUNDLE_IDENTIFIER = reetesh.ListViewApp;
				PRODUCT_NAME = "$(TARGET_NAME)";
				TARGETED_DEVICE_FAMILY = "1,2";
			};
			name = Release;
		};
		AD7AE66820546B0B005A7BF9 /* Debug */ = {
			isa = XCBuildConfiguration;
			buildSettings = {
				BUNDLE_LOADER = "$(TEST_HOST)";
				CODE_SIGN_STYLE = Automatic;
				INFOPLIST_FILE = ListViewAppTests/Info.plist;
				LD_RUNPATH_SEARCH_PATHS = "$(inherited) @executable_path/Frameworks @loader_path/Frameworks";
				PRODUCT_BUNDLE_IDENTIFIER = reetesh.ListViewAppTests;
				PRODUCT_NAME = "$(TARGET_NAME)";
				TARGETED_DEVICE_FAMILY = "1,2";
				TEST_HOST = "$(BUILT_PRODUCTS_DIR)/ListViewApp.app/ListViewApp";
			};
			name = Debug;
		};
		AD7AE66920546B0B005A7BF9 /* Release */ = {
			isa = XCBuildConfiguration;
			buildSettings = {
				BUNDLE_LOADER = "$(TEST_HOST)";
				CODE_SIGN_STYLE = Automatic;
				INFOPLIST_FILE = ListViewAppTests/Info.plist;
				LD_RUNPATH_SEARCH_PATHS = "$(inherited) @executable_path/Frameworks @loader_path/Frameworks";
				PRODUCT_BUNDLE_IDENTIFIER = reetesh.ListViewAppTests;
				PRODUCT_NAME = "$(TARGET_NAME)";
				TARGETED_DEVICE_FAMILY = "1,2";
				TEST_HOST = "$(BUILT_PRODUCTS_DIR)/ListViewApp.app/ListViewApp";
			};
			name = Release;
		};
/* End XCBuildConfiguration section */

/* Begin XCConfigurationList section */
		AD7AE63E20546B0A005A7BF9 /* Build configuration list for PBXProject "ListViewApp" */ = {
			isa = XCConfigurationList;
			buildConfigurations = (
				AD7AE66220546B0B005A7BF9 /* Debug */,
				AD7AE66320546B0B005A7BF9 /* Release */,
			);
			defaultConfigurationIsVisible = 0;
			defaultConfigurationName = Release;
		};
		AD7AE66420546B0B005A7BF9 /* Build configuration list for PBXNativeTarget "ListViewApp" */ = {
			isa = XCConfigurationList;
			buildConfigurations = (
				AD7AE66520546B0B005A7BF9 /* Debug */,
				AD7AE66620546B0B005A7BF9 /* Release */,
			);
			defaultConfigurationIsVisible = 0;
			defaultConfigurationName = Release;
		};
		AD7AE66720546B0B005A7BF9 /* Build configuration list for PBXNativeTarget "ListViewAppTests" */ = {
			isa = XCConfigurationList;
			buildConfigurations = (
				AD7AE66820546B0B005A7BF9 /* Debug */,
				AD7AE66920546B0B005A7BF9 /* Release */,
			);
			defaultConfigurationIsVisible = 0;
			defaultConfigurationName = Release;
		};
/* End XCConfigurationList section */
	};
	rootObject = AD7AE63B20546B0A005A7BF9 /* Project object */;
}
